// !$*UTF8*$!
{
	archiveVersion = 1;
	classes = {
	};
	objectVersion = 50;
	objects = {

/* Begin PBXBuildFile section */
		DCFA66802206E0C500CC8A26 /* AppDelegate.swift in Sources */ = {isa = PBXBuildFile; fileRef = DCFA667F2206E0C500CC8A26 /* AppDelegate.swift */; };
		DCFA66822206E0C500CC8A26 /* ViewController.swift in Sources */ = {isa = PBXBuildFile; fileRef = DCFA66812206E0C500CC8A26 /* ViewController.swift */; };
		DCFA66852206E0C500CC8A26 /* Main.storyboard in Resources */ = {isa = PBXBuildFile; fileRef = DCFA66832206E0C500CC8A26 /* Main.storyboard */; };
		DCFA66872206E0C600CC8A26 /* Assets.xcassets in Resources */ = {isa = PBXBuildFile; fileRef = DCFA66862206E0C600CC8A26 /* Assets.xcassets */; };
		DCFA668A2206E0C600CC8A26 /* LaunchScreen.storyboard in Resources */ = {isa = PBXBuildFile; fileRef = DCFA66882206E0C600CC8A26 /* LaunchScreen.storyboard */; };
		F0EFB8F7DA23243874238061 /* Pods_ImageDownLoadExample.framework in Frameworks */ = {isa = PBXBuildFile; fileRef = 57D64901F2DD415826709A4A /* Pods_ImageDownLoadExample.framework */; };
/* End PBXBuildFile section */

/* Begin PBXFileReference section */
		57D64901F2DD415826709A4A /* Pods_ImageDownLoadExample.framework */ = {isa = PBXFileReference; explicitFileType = wrapper.framework; includeInIndex = 0; path = Pods_ImageDownLoadExample.framework; sourceTree = BUILT_PRODUCTS_DIR; };
		A7E2F8E28FEAA5D8B746E3AC /* Pods-ImageDownLoadExample.release.xcconfig */ = {isa = PBXFileReference; includeInIndex = 1; lastKnownFileType = text.xcconfig; name = "Pods-ImageDownLoadExample.release.xcconfig"; path = "Target Support Files/Pods-ImageDownLoadExample/Pods-ImageDownLoadExample.release.xcconfig"; sourceTree = "<group>"; };
		CEC36CCE3A586F98ADB555F6 /* Pods-ImageDownLoadExample.debug.xcconfig */ = {isa = PBXFileReference; includeInIndex = 1; lastKnownFileType = text.xcconfig; name = "Pods-ImageDownLoadExample.debug.xcconfig"; path = "Target Support Files/Pods-ImageDownLoadExample/Pods-ImageDownLoadExample.debug.xcconfig"; sourceTree = "<group>"; };
		DCFA667C2206E0C500CC8A26 /* ImageDownLoadExample.app */ = {isa = PBXFileReference; explicitFileType = wrapper.application; includeInIndex = 0; path = ImageDownLoadExample.app; sourceTree = BUILT_PRODUCTS_DIR; };
		DCFA667F2206E0C500CC8A26 /* AppDelegate.swift */ = {isa = PBXFileReference; lastKnownFileType = sourcecode.swift; path = AppDelegate.swift; sourceTree = "<group>"; };
		DCFA66812206E0C500CC8A26 /* ViewController.swift */ = {isa = PBXFileReference; lastKnownFileType = sourcecode.swift; path = ViewController.swift; sourceTree = "<group>"; };
		DCFA66842206E0C500CC8A26 /* Base */ = {isa = PBXFileReference; lastKnownFileType = file.storyboard; name = Base; path = Base.lproj/Main.storyboard; sourceTree = "<group>"; };
		DCFA66862206E0C600CC8A26 /* Assets.xcassets */ = {isa = PBXFileReference; lastKnownFileType = folder.assetcatalog; path = Assets.xcassets; sourceTree = "<group>"; };
		DCFA66892206E0C600CC8A26 /* Base */ = {isa = PBXFileReference; lastKnownFileType = file.storyboard; name = Base; path = Base.lproj/LaunchScreen.storyboard; sourceTree = "<group>"; };
		DCFA668B2206E0C600CC8A26 /* Info.plist */ = {isa = PBXFileReference; lastKnownFileType = text.plist.xml; path = Info.plist; sourceTree = "<group>"; };
/* End PBXFileReference section */

/* Begin PBXFrameworksBuildPhase section */
		DCFA66792206E0C500CC8A26 /* Frameworks */ = {
			isa = PBXFrameworksBuildPhase;
			buildActionMask = 2147483647;
			files = (
				F0EFB8F7DA23243874238061 /* Pods_ImageDownLoadExample.framework in Frameworks */,
			);
			runOnlyForDeploymentPostprocessing = 0;
		};
/* End PBXFrameworksBuildPhase section */

/* Begin PBXGroup section */
		A9E5150ED2CFCB1C1AA2ED4C /* Pods */ = {
			isa = PBXGroup;
			children = (
				CEC36CCE3A586F98ADB555F6 /* Pods-ImageDownLoadExample.debug.xcconfig */,
				A7E2F8E28FEAA5D8B746E3AC /* Pods-ImageDownLoadExample.release.xcconfig */,
			);
			name = Pods;
			path = Pods;
			sourceTree = "<group>";
		};
		B0E13C71B0F63DA8B8E51028 /* Frameworks */ = {
			isa = PBXGroup;
			children = (
				57D64901F2DD415826709A4A /* Pods_ImageDownLoadExample.framework */,
			);
			name = Frameworks;
			sourceTree = "<group>";
		};
		DCFA66732206E0C500CC8A26 = {
			isa = PBXGroup;
			children = (
				DCFA667E2206E0C500CC8A26 /* ImageDownLoadExample */,
				DCFA667D2206E0C500CC8A26 /* Products */,
				A9E5150ED2CFCB1C1AA2ED4C /* Pods */,
				B0E13C71B0F63DA8B8E51028 /* Frameworks */,
			);
			sourceTree = "<group>";
		};
		DCFA667D2206E0C500CC8A26 /* Products */ = {
			isa = PBXGroup;
			children = (
				DCFA667C2206E0C500CC8A26 /* ImageDownLoadExample.app */,
			);
			name = Products;
			sourceTree = "<group>";
		};
		DCFA667E2206E0C500CC8A26 /* ImageDownLoadExample */ = {
			isa = PBXGroup;
			children = (
				DCFA667F2206E0C500CC8A26 /* AppDelegate.swift */,
				DCFA66812206E0C500CC8A26 /* ViewController.swift */,
				DCFA66832206E0C500CC8A26 /* Main.storyboard */,
				DCFA66862206E0C600CC8A26 /* Assets.xcassets */,
				DCFA66882206E0C600CC8A26 /* LaunchScreen.storyboard */,
				DCFA668B2206E0C600CC8A26 /* Info.plist */,
			);
			path = ImageDownLoadExample;
			sourceTree = "<group>";
		};
/* End PBXGroup section */

/* Begin PBXNativeTarget section */
		DCFA667B2206E0C500CC8A26 /* ImageDownLoadExample */ = {
			isa = PBXNativeTarget;
			buildConfigurationList = DCFA668E2206E0C600CC8A26 /* Build configuration list for PBXNativeTarget "ImageDownLoadExample" */;
			buildPhases = (
				C4247909564DBABE7634BBF7 /* [CP] Check Pods Manifest.lock */,
				DCFA66782206E0C500CC8A26 /* Sources */,
				DCFA66792206E0C500CC8A26 /* Frameworks */,
				DCFA667A2206E0C500CC8A26 /* Resources */,
				486B12F04D50B13D49010FCC /* [CP] Embed Pods Frameworks */,
			);
			buildRules = (
			);
			dependencies = (
			);
			name = ImageDownLoadExample;
			productName = ImageDownLoadExample;
			productReference = DCFA667C2206E0C500CC8A26 /* ImageDownLoadExample.app */;
			productType = "com.apple.product-type.application";
		};
/* End PBXNativeTarget section */

/* Begin PBXProject section */
		DCFA66742206E0C500CC8A26 /* Project object */ = {
			isa = PBXProject;
			attributes = {
				LastSwiftUpdateCheck = 1000;
				LastUpgradeCheck = 1000;
				ORGANIZATIONNAME = "Aman Aggarwal";
				TargetAttributes = {
					DCFA667B2206E0C500CC8A26 = {
						CreatedOnToolsVersion = 10.0;
					};
				};
			};
			buildConfigurationList = DCFA66772206E0C500CC8A26 /* Build configuration list for PBXProject "ImageDownLoadExample" */;
			compatibilityVersion = "Xcode 9.3";
			developmentRegion = en;
			hasScannedForEncodings = 0;
			knownRegions = (
				en,
				Base,
			);
			mainGroup = DCFA66732206E0C500CC8A26;
			productRefGroup = DCFA667D2206E0C500CC8A26 /* Products */;
			projectDirPath = "";
			projectRoot = "";
			targets = (
				DCFA667B2206E0C500CC8A26 /* ImageDownLoadExample */,
			);
		};
/* End PBXProject section */

/* Begin PBXResourcesBuildPhase section */
		DCFA667A2206E0C500CC8A26 /* Resources */ = {
			isa = PBXResourcesBuildPhase;
			buildActionMask = 2147483647;
			files = (
				DCFA668A2206E0C600CC8A26 /* LaunchScreen.storyboard in Resources */,
				DCFA66872206E0C600CC8A26 /* Assets.xcassets in Resources */,
				DCFA66852206E0C500CC8A26 /* Main.storyboard in Resources */,
			);
			runOnlyForDeploymentPostprocessing = 0;
		};
/* End PBXResourcesBuildPhase section */

/* Begin PBXShellScriptBuildPhase section */
		486B12F04D50B13D49010FCC /* [CP] Embed Pods Frameworks */ = {
			isa = PBXShellScriptBuildPhase;
			buildActionMask = 2147483647;
			files = (
			);
			inputFileListPaths = (
			);
			inputPaths = (
				"${PODS_ROOT}/Target Support Files/Pods-ImageDownLoadExample/Pods-ImageDownLoadExample-frameworks.sh",
				"${BUILT_PRODUCTS_DIR}/Kingfisher/Kingfisher.framework",
			);
			name = "[CP] Embed Pods Frameworks";
			outputFileListPaths = (
			);
			outputPaths = (
				"${TARGET_BUILD_DIR}/${FRAMEWORKS_FOLDER_PATH}/Kingfisher.framework",
			);
			runOnlyForDeploymentPostprocessing = 0;
			shellPath = /bin/sh;
			shellScript = "\"${PODS_ROOT}/Target Support Files/Pods-ImageDownLoadExample/Pods-ImageDownLoadExample-frameworks.sh\"\n";
			showEnvVarsInLog = 0;
		};
		C4247909564DBABE7634BBF7 /* [CP] Check Pods Manifest.lock */ = {
			isa = PBXShellScriptBuildPhase;
			buildActionMask = 2147483647;
			files = (
			);
			inputFileListPaths = (
			);
			inputPaths = (
				"${PODS_PODFILE_DIR_PATH}/Podfile.lock",
				"${PODS_ROOT}/Manifest.lock",
			);
			name = "[CP] Check Pods Manifest.lock";
			outputFileListPaths = (
			);
			outputPaths = (
				"$(DERIVED_FILE_DIR)/Pods-ImageDownLoadExample-checkManifestLockResult.txt",
			);
			runOnlyForDeploymentPostprocessing = 0;
			shellPath = /bin/sh;
			shellScript = "diff \"${PODS_PODFILE_DIR_PATH}/Podfile.lock\" \"${PODS_ROOT}/Manifest.lock\" > /dev/null\nif [ $? != 0 ] ; then\n    # print error to STDERR\n    echo \"error: The sandbox is not in sync with the Podfile.lock. Run 'pod install' or update your CocoaPods installation.\" >&2\n    exit 1\nfi\n# This output is used by Xcode 'outputs' to avoid re-running this script phase.\necho \"SUCCESS\" > \"${SCRIPT_OUTPUT_FILE_0}\"\n";
			showEnvVarsInLog = 0;
		};
/* End PBXShellScriptBuildPhase section */

/* Begin PBXSourcesBuildPhase section */
		DCFA66782206E0C500CC8A26 /* Sources */ = {
			isa = PBXSourcesBuildPhase;
			buildActionMask = 2147483647;
			files = (
				DCFA66822206E0C500CC8A26 /* ViewController.swift in Sources */,
				DCFA66802206E0C500CC8A26 /* AppDelegate.swift in Sources */,
			);
			runOnlyForDeploymentPostprocessing = 0;
		};
/* End PBXSourcesBuildPhase section */

/* Begin PBXVariantGroup section */
		DCFA66832206E0C500CC8A26 /* Main.storyboard */ = {
			isa = PBXVariantGroup;
			children = (
				DCFA66842206E0C500CC8A26 /* Base */,
			);
			name = Main.storyboard;
			sourceTree = "<group>";
		};
		DCFA66882206E0C600CC8A26 /* LaunchScreen.storyboard */ = {
			isa = PBXVariantGroup;
			children = (
				DCFA66892206E0C600CC8A26 /* Base */,
			);
			name = LaunchScreen.storyboard;
			sourceTree = "<group>";
		};
/* End PBXVariantGroup section */

/* Begin XCBuildConfiguration section */
		DCFA668C2206E0C600CC8A26 /* Debug */ = {
			isa = XCBuildConfiguration;
			buildSettings = {
				ALWAYS_SEARCH_USER_PATHS = NO;
				CLANG_ANALYZER_NONNULL = YES;
				CLANG_ANALYZER_NUMBER_OBJECT_CONVERSION = YES_AGGRESSIVE;
				CLANG_CXX_LANGUAGE_STANDARD = "gnu++14";
				CLANG_CXX_LIBRARY = "libc++";
				CLANG_ENABLE_MODULES = YES;
				CLANG_ENABLE_OBJC_ARC = YES;
				CLANG_ENABLE_OBJC_WEAK = YES;
				CLANG_WARN_BLOCK_CAPTURE_AUTORELEASING = YES;
				CLANG_WARN_BOOL_CONVERSION = YES;
				CLANG_WARN_COMMA = YES;
				CLANG_WARN_CONSTANT_CONVERSION = YES;
				CLANG_WARN_DEPRECATED_OBJC_IMPLEMENTATIONS = YES;
				CLANG_WARN_DIRECT_OBJC_ISA_USAGE = YES_ERROR;
				CLANG_WARN_DOCUMENTATION_COMMENTS = YES;
				CLANG_WARN_EMPTY_BODY = YES;
				CLANG_WARN_ENUM_CONVERSION = YES;
				CLANG_WARN_INFINITE_RECURSION = YES;
				CLANG_WARN_INT_CONVERSION = YES;
				CLANG_WARN_NON_LITERAL_NULL_CONVERSION = YES;
				CLANG_WARN_OBJC_IMPLICIT_RETAIN_SELF = YES;
				CLANG_WARN_OBJC_LITERAL_CONVERSION = YES;
				CLANG_WARN_OBJC_ROOT_CLASS = YES_ERROR;
				CLANG_WARN_RANGE_LOOP_ANALYSIS = YES;
				CLANG_WARN_STRICT_PROTOTYPES = YES;
				CLANG_WARN_SUSPICIOUS_MOVE = YES;
				CLANG_WARN_UNGUARDED_AVAILABILITY = YES_AGGRESSIVE;
				CLANG_WARN_UNREACHABLE_CODE = YES;
				CLANG_WARN__DUPLICATE_METHOD_MATCH = YES;
				CODE_SIGN_IDENTITY = "iPhone Developer";
				COPY_PHASE_STRIP = NO;
				DEBUG_INFORMATION_FORMAT = dwarf;
				ENABLE_STRICT_OBJC_MSGSEND = YES;
				ENABLE_TESTABILITY = YES;
				GCC_C_LANGUAGE_STANDARD = gnu11;
				GCC_DYNAMIC_NO_PIC = NO;
				GCC_NO_COMMON_BLOCKS = YES;
				GCC_OPTIMIZATION_LEVEL = 0;
				GCC_PREPROCESSOR_DEFINITIONS = (
					"DEBUG=1",
					"$(inherited)",
				);
				GCC_WARN_64_TO_32_BIT_CONVERSION = YES;
				GCC_WARN_ABOUT_RETURN_TYPE = YES_ERROR;
				GCC_WARN_UNDECLARED_SELECTOR = YES;
				GCC_WARN_UNINITIALIZED_AUTOS = YES_AGGRESSIVE;
				GCC_WARN_UNUSED_FUNCTION = YES;
				GCC_WARN_UNUSED_VARIABLE = YES;
				IPHONEOS_DEPLOYMENT_TARGET = 12.0;
				MTL_ENABLE_DEBUG_INFO = INCLUDE_SOURCE;
				MTL_FAST_MATH = YES;
				ONLY_ACTIVE_ARCH = YES;
				SDKROOT = iphoneos;
				SWIFT_ACTIVE_COMPILATION_CONDITIONS = DEBUG;
				SWIFT_OPTIMIZATION_LEVEL = "-Onone";
			};
			name = Debug;
		};
		DCFA668D2206E0C600CC8A26 /* Release */ = {
			isa = XCBuildConfiguration;
			buildSettings = {
				ALWAYS_SEARCH_USER_PATHS = NO;
				CLANG_ANALYZER_NONNULL = YES;
				CLANG_ANALYZER_NUMBER_OBJECT_CONVERSION = YES_AGGRESSIVE;
				CLANG_CXX_LANGUAGE_STANDARD = "gnu++14";
				CLANG_CXX_LIBRARY = "libc++";
				CLANG_ENABLE_MODULES = YES;
				CLANG_ENABLE_OBJC_ARC = YES;
				CLANG_ENABLE_OBJC_WEAK = YES;
				CLANG_WARN_BLOCK_CAPTURE_AUTORELEASING = YES;
				CLANG_WARN_BOOL_CONVERSION = YES;
				CLANG_WARN_COMMA = YES;
				CLANG_WARN_CONSTANT_CONVERSION = YES;
				CLANG_WARN_DEPRECATED_OBJC_IMPLEMENTATIONS = YES;
				CLANG_WARN_DIRECT_OBJC_ISA_USAGE = YES_ERROR;
				CLANG_WARN_DOCUMENTATION_COMMENTS = YES;
				CLANG_WARN_EMPTY_BODY = YES;
				CLANG_WARN_ENUM_CONVERSION = YES;
				CLANG_WARN_INFINITE_RECURSION = YES;
				CLANG_WARN_INT_CONVERSION = YES;
				CLANG_WARN_NON_LITERAL_NULL_CONVERSION = YES;
				CLANG_WARN_OBJC_IMPLICIT_RETAIN_SELF = YES;
				CLANG_WARN_OBJC_LITERAL_CONVERSION = YES;
				CLANG_WARN_OBJC_ROOT_CLASS = YES_ERROR;
				CLANG_WARN_RANGE_LOOP_ANALYSIS = YES;
				CLANG_WARN_STRICT_PROTOTYPES = YES;
				CLANG_WARN_SUSPICIOUS_MOVE = YES;
				CLANG_WARN_UNGUARDED_AVAILABILITY = YES_AGGRESSIVE;
				CLANG_WARN_UNREACHABLE_CODE = YES;
				CLANG_WARN__DUPLICATE_METHOD_MATCH = YES;
				CODE_SIGN_IDENTITY = "iPhone Developer";
				COPY_PHASE_STRIP = NO;
				DEBUG_INFORMATION_FORMAT = "dwarf-with-dsym";
				ENABLE_NS_ASSERTIONS = NO;
				ENABLE_STRICT_OBJC_MSGSEND = YES;
				GCC_C_LANGUAGE_STANDARD = gnu11;
				GCC_NO_COMMON_BLOCKS = YES;
				GCC_WARN_64_TO_32_BIT_CONVERSION = YES;
				GCC_WARN_ABOUT_RETURN_TYPE = YES_ERROR;
				GCC_WARN_UNDECLARED_SELECTOR = YES;
				GCC_WARN_UNINITIALIZED_AUTOS = YES_AGGRESSIVE;
				GCC_WARN_UNUSED_FUNCTION = YES;
				GCC_WARN_UNUSED_VARIABLE = YES;
				IPHONEOS_DEPLOYMENT_TARGET = 12.0;
				MTL_ENABLE_DEBUG_INFO = NO;
				MTL_FAST_MATH = YES;
				SDKROOT = iphoneos;
				SWIFT_COMPILATION_MODE = wholemodule;
				SWIFT_OPTIMIZATION_LEVEL = "-O";
				VALIDATE_PRODUCT = YES;
			};
			name = Release;
		};
		DCFA668F2206E0C600CC8A26 /* Debug */ = {
			isa = XCBuildConfiguration;
			baseConfigurationReference = CEC36CCE3A586F98ADB555F6 /* Pods-ImageDownLoadExample.debug.xcconfig */;
			buildSettings = {
				ASSETCATALOG_COMPILER_APPICON_NAME = AppIcon;
				CODE_SIGN_STYLE = Automatic;
				INFOPLIST_FILE = ImageDownLoadExample/Info.plist;
				LD_RUNPATH_SEARCH_PATHS = (
					"$(inherited)",
					"@executable_path/Frameworks",
				);
				PRODUCT_BUNDLE_IDENTIFIER = com.iostutorialjunction.ImageDownLoadExample;
				PRODUCT_NAME = "$(TARGET_NAME)";
				SWIFT_VERSION = 4.2;
				TARGETED_DEVICE_FAMILY = "1,2";
			};
			name = Debug;
		};
		DCFA66902206E0C600CC8A26 /* Release */ = {
			isa = XCBuildConfiguration;
			baseConfigurationReference = A7E2F8E28FEAA5D8B746E3AC /* Pods-ImageDownLoadExample.release.xcconfig */;
			buildSettings = {
				ASSETCATALOG_COMPILER_APPICON_NAME = AppIcon;
				CODE_SIGN_STYLE = Automatic;
				INFOPLIST_FILE = ImageDownLoadExample/Info.plist;
				LD_RUNPATH_SEARCH_PATHS = (
					"$(inherited)",
					"@executable_path/Frameworks",
				);
				PRODUCT_BUNDLE_IDENTIFIER = com.iostutorialjunction.ImageDownLoadExample;
				PRODUCT_NAME = "$(TARGET_NAME)";
				SWIFT_VERSION = 4.2;
				TARGETED_DEVICE_FAMILY = "1,2";
			};
			name = Release;
		};
/* End XCBuildConfiguration section */

/* Begin XCConfigurationList section */
		DCFA66772206E0C500CC8A26 /* Build configuration list for PBXProject "ImageDownLoadExample" */ = {
			isa = XCConfigurationList;
			buildConfigurations = (
				DCFA668C2206E0C600CC8A26 /* Debug */,
				DCFA668D2206E0C600CC8A26 /* Release */,
			);
			defaultConfigurationIsVisible = 0;
			defaultConfigurationName = Release;
		};
		DCFA668E2206E0C600CC8A26 /* Build configuration list for PBXNativeTarget "ImageDownLoadExample" */ = {
			isa = XCConfigurationList;
			buildConfigurations = (
				DCFA668F2206E0C600CC8A26 /* Debug */,
				DCFA66902206E0C600CC8A26 /* Release */,
			);
			defaultConfigurationIsVisible = 0;
			defaultConfigurationName = Release;
		};
/* End XCConfigurationList section */
	};
	rootObject = DCFA66742206E0C500CC8A26 /* Project object */;
}
